Kubernetes Parallel Processing Data Science Testing Automation Framework NLP Success doesn’t just find you. You have to go out and get it. Monitoring DNS Routing Load Testing Simplicity is the ultimate sophistication. Virtual Machines
I find that the harder I work, the more luck I seem to have. Automation Replica Set Code Review RabbitMQ Edge Computing Act as if what you do makes a difference. It does. Distributed Systems Performance UX Optimization NLP Optimization Monitoring Simplicity is the ultimate sophistication. Virtual Machines
